
Microsoft Visual Studio Solution File, Format Version 12.00
# Visual Studio Version 17
VisualStudioVersion = 17.7.34003.232
MinimumVisualStudioVersion = 10.0.40219.1
Project("{FAE04EC0-301F-11D3-BF4B-00C04F79EFBC}") = "CalculatorWPF", "CalculatorWPF\CalculatorWPF.csproj", "{D3D455C7-B094-4313-B4D2-C0D607820342}"
EndProject
Global
	GlobalSection(SolutionConfigurationPlatforms) = preSolution
		Debug|Any CPU = Debug|Any CPU
		Release|Any CPU = Release|Any CPU
	EndGlobalSection
	GlobalSection(ProjectConfigurationPlatforms) = postSolution
		{D3D455C7-B094-4313-B4D2-C0D607820342}.Debug|Any CPU.ActiveCfg = Debug|Any CPU
		{D3D455C7-B094-4313-B4D2-C0D607820342}.Debug|Any CPU.Build.0 = Debug|Any CPU
		{D3D455C7-B094-4313-B4D2-C0D607820342}.Release|Any CPU.ActiveCfg = Release|Any CPU
		{D3D455C7-B094-4313-B4D2-C0D607820342}.Release|Any CPU.Build.0 = Release|Any CPU
	EndGlobalSection
	GlobalSection(SolutionProperties) = preSolution
		HideSolutionNode = FALSE
	EndGlobalSection
	GlobalSection(ExtensibilityGlobals) = postSolution
		SolutionGuid = {5E98B732-3B1B-4700-BA63-3A9027ED711C}
	EndGlobalSection
EndGlobal
